
Microsoft Visual Studio Solution File, Format Version 12.00
# Visual Studio 14
VisualStudioVersion = 14.0.24720.0
MinimumVisualStudioVersion = 10.0.40219.1
Project("{FAE04EC0-301F-11D3-BF4B-00C04F79EFBC}") = "MARC", "Master ARC 1\MARC.csproj", "{7AF9204E-6202-4D6F-AB96-367630FCB4BB}"
EndProject
Project("{54435603-DBB4-11D2-8724-00A0C9A8B90C}") = "MARC Installer", "ARC Installer\ARC Installer.vdproj", "{B63970DA-F4E4-4C50-B2AB-CD079004A4A6}"
EndProject
Project("{FAE04EC0-301F-11D3-BF4B-00C04F79EFBC}") = "Apple User Review Sniffer", "Apple User Review Sniffer\Apple User Review Sniffer\Apple User Review Sniffer.csproj", "{F3331D64-C161-45B2-9FCD-2F8F5E08C48C}"
EndProject
Project("{FAE04EC0-301F-11D3-BF4B-00C04F79EFBC}") = "FrameNetOnline", "FrameNetOnline\FrameNetOnline\FrameNetOnline.csproj", "{61F09AE9-4D64-43B8-B676-E76C996EFC45}"
EndProject
Project("{FAE04EC0-301F-11D3-BF4B-00C04F79EFBC}") = "PorterStemmer", "Stemmer\Stemmer\PorterStemmer.csproj", "{C04367E9-BC50-4C18-B9F7-056D3540A714}"
EndProject
Project("{FAE04EC0-301F-11D3-BF4B-00C04F79EFBC}") = "StopWordRemoval", "StopWordRemoval\StopWordRemoval\StopWordRemoval.csproj", "{006FCA8D-AAC3-4F71-8A31-A31C3B991BD2}"
EndProject
Project("{FAE04EC0-301F-11D3-BF4B-00C04F79EFBC}") = "WekaClassifier", "WekaClassifier\WekaClassifier\WekaClassifier.csproj", "{565DC2EF-6B3D-4247-BE5D-5BC8AC9B1D49}"
EndProject
Global
	GlobalSection(SolutionConfigurationPlatforms) = preSolution
		Debug|Any CPU = Debug|Any CPU
		Release|Any CPU = Release|Any CPU
	EndGlobalSection
	GlobalSection(ProjectConfigurationPlatforms) = postSolution
		{7AF9204E-6202-4D6F-AB96-367630FCB4BB}.Debug|Any CPU.ActiveCfg = Debug|Any CPU
		{7AF9204E-6202-4D6F-AB96-367630FCB4BB}.Debug|Any CPU.Build.0 = Debug|Any CPU
		{7AF9204E-6202-4D6F-AB96-367630FCB4BB}.Release|Any CPU.ActiveCfg = Release|Any CPU
		{7AF9204E-6202-4D6F-AB96-367630FCB4BB}.Release|Any CPU.Build.0 = Release|Any CPU
		{B63970DA-F4E4-4C50-B2AB-CD079004A4A6}.Debug|Any CPU.ActiveCfg = Debug
		{B63970DA-F4E4-4C50-B2AB-CD079004A4A6}.Debug|Any CPU.Build.0 = Debug
		{B63970DA-F4E4-4C50-B2AB-CD079004A4A6}.Release|Any CPU.ActiveCfg = Release
		{F3331D64-C161-45B2-9FCD-2F8F5E08C48C}.Debug|Any CPU.ActiveCfg = Debug|Any CPU
		{F3331D64-C161-45B2-9FCD-2F8F5E08C48C}.Debug|Any CPU.Build.0 = Debug|Any CPU
		{F3331D64-C161-45B2-9FCD-2F8F5E08C48C}.Release|Any CPU.ActiveCfg = Release|Any CPU
		{F3331D64-C161-45B2-9FCD-2F8F5E08C48C}.Release|Any CPU.Build.0 = Release|Any CPU
		{61F09AE9-4D64-43B8-B676-E76C996EFC45}.Debug|Any CPU.ActiveCfg = Debug|Any CPU
		{61F09AE9-4D64-43B8-B676-E76C996EFC45}.Debug|Any CPU.Build.0 = Debug|Any CPU
		{61F09AE9-4D64-43B8-B676-E76C996EFC45}.Release|Any CPU.ActiveCfg = Release|Any CPU
		{61F09AE9-4D64-43B8-B676-E76C996EFC45}.Release|Any CPU.Build.0 = Release|Any CPU
		{C04367E9-BC50-4C18-B9F7-056D3540A714}.Debug|Any CPU.ActiveCfg = Debug|Any CPU
		{C04367E9-BC50-4C18-B9F7-056D3540A714}.Debug|Any CPU.Build.0 = Debug|Any CPU
		{C04367E9-BC50-4C18-B9F7-056D3540A714}.Release|Any CPU.ActiveCfg = Release|Any CPU
		{C04367E9-BC50-4C18-B9F7-056D3540A714}.Release|Any CPU.Build.0 = Release|Any CPU
		{006FCA8D-AAC3-4F71-8A31-A31C3B991BD2}.Debug|Any CPU.ActiveCfg = Debug|Any CPU
		{006FCA8D-AAC3-4F71-8A31-A31C3B991BD2}.Debug|Any CPU.Build.0 = Debug|Any CPU
		{006FCA8D-AAC3-4F71-8A31-A31C3B991BD2}.Release|Any CPU.ActiveCfg = Release|Any CPU
		{006FCA8D-AAC3-4F71-8A31-A31C3B991BD2}.Release|Any CPU.Build.0 = Release|Any CPU
		{565DC2EF-6B3D-4247-BE5D-5BC8AC9B1D49}.Debug|Any CPU.ActiveCfg = Debug|Any CPU
		{565DC2EF-6B3D-4247-BE5D-5BC8AC9B1D49}.Debug|Any CPU.Build.0 = Debug|Any CPU
		{565DC2EF-6B3D-4247-BE5D-5BC8AC9B1D49}.Release|Any CPU.ActiveCfg = Release|Any CPU
		{565DC2EF-6B3D-4247-BE5D-5BC8AC9B1D49}.Release|Any CPU.Build.0 = Release|Any CPU
	EndGlobalSection
	GlobalSection(SolutionProperties) = preSolution
		HideSolutionNode = FALSE
	EndGlobalSection
EndGlobal
