
Microsoft Visual Studio Solution File, Format Version 12.00
# Visual Studio 14
VisualStudioVersion = 14.0.24720.0
MinimumVisualStudioVersion = 10.0.40219.1
Project("{FAE04EC0-301F-11D3-BF4B-00C04F79EFBC}") = "Stemmer", "Stemmer\Stemmer.csproj", "{C04367E9-BC50-4C18-B9F7-056D3540A714}"
EndProject
Global
	GlobalSection(SolutionConfigurationPlatforms) = preSolution
		Debug|Any CPU = Debug|Any CPU
		Release|Any CPU = Release|Any CPU
	EndGlobalSection
	GlobalSection(ProjectConfigurationPlatforms) = postSolution
		{C04367E9-BC50-4C18-B9F7-056D3540A714}.Debug|Any CPU.ActiveCfg = Debug|Any CPU
		{C04367E9-BC50-4C18-B9F7-056D3540A714}.Debug|Any CPU.Build.0 = Debug|Any CPU
		{C04367E9-BC50-4C18-B9F7-056D3540A714}.Release|Any CPU.ActiveCfg = Release|Any CPU
		{C04367E9-BC50-4C18-B9F7-056D3540A714}.Release|Any CPU.Build.0 = Release|Any CPU
	EndGlobalSection
	GlobalSection(SolutionProperties) = preSolution
		HideSolutionNode = FALSE
	EndGlobalSection
EndGlobal
